{
  "name": "popclip-capitalize",
  "version": "1.0.0",
  "lockfileVersion": 2,
  "requires": true,
  "packages": {
    "": {
      "name": "popclip-capitalize",
      "version": "1.0.0",
      "license": "ISC",
      "dependencies": {
        "sugar": "^2.0.6",
        "voca": "^1.4.0"
      }
    },
    "node_modules/sugar": {
      "version": "2.0.6",
      "resolved": "https://registry.npmjs.org/sugar/-/sugar-2.0.6.tgz",
      "integrity": "sha512-s0P2/pjJtAD9VA44+2Gqm3NdC4v+08melA6YubOxzshu628krTbn95/M2GWMrI9rYspZMpYBIrChR46fjQ7xsQ==",
      "dependencies": {
        "sugar-core": "^2.0.0"
      },
      "engines": {
        "node": ">= 0.8.23"
      }
    },
    "node_modules/sugar-core": {
      "version": "2.0.6",
      "resolved": "https://registry.npmjs.org/sugar-core/-/sugar-core-2.0.6.tgz",
      "integrity": "sha512-YmLFysR3Si6RImqL1+aB6JH81EXxvXn5iXhPf2PsjfoUYEwCxFDYCQY+zC3WqviuGWzxFaSkkJvkUE05Y03L5Q==",
      "engines": {
        "node": ">= 0.8.23"
      }
    },
    "node_modules/voca": {
      "version": "1.4.0",
      "resolved": "https://registry.npmjs.org/voca/-/voca-1.4.0.tgz",
      "integrity": "sha512-8Xz4H3vhYRGbFupLtl6dHwMx0ojUcjt0HYkqZ9oBCfipd/5mD7Md58m2/dq7uPuZU/0T3Gb1m66KS9jn+I+14Q=="
    }
  },
  "dependencies": {
    "sugar": {
      "version": "2.0.6",
      "resolved": "https://registry.npmjs.org/sugar/-/sugar-2.0.6.tgz",
      "integrity": "sha512-s0P2/pjJtAD9VA44+2Gqm3NdC4v+08melA6YubOxzshu628krTbn95/M2GWMrI9rYspZMpYBIrChR46fjQ7xsQ==",
      "requires": {
        "sugar-core": "^2.0.0"
      }
    },
    "sugar-core": {
      "version": "2.0.6",
      "resolved": "https://registry.npmjs.org/sugar-core/-/sugar-core-2.0.6.tgz",
      "integrity": "sha512-YmLFysR3Si6RImqL1+aB6JH81EXxvXn5iXhPf2PsjfoUYEwCxFDYCQY+zC3WqviuGWzxFaSkkJvkUE05Y03L5Q=="
    },
    "voca": {
      "version": "1.4.0",
      "resolved": "https://registry.npmjs.org/voca/-/voca-1.4.0.tgz",
      "integrity": "sha512-8Xz4H3vhYRGbFupLtl6dHwMx0ojUcjt0HYkqZ9oBCfipd/5mD7Md58m2/dq7uPuZU/0T3Gb1m66KS9jn+I+14Q=="
    }
  }
}
