// !$*UTF8*$!
{
	archiveVersion = 1;
	classes = {
	};
	objectVersion = 46;
	objects = {

/* Begin PBXBuildFile section */
		01C3696A198C0BC00060ADF6 /* Cocoa.framework in Frameworks */ = {isa = PBXBuildFile; fileRef = 01C36969198C0BC00060ADF6 /* Cocoa.framework */; };
		01C36976198C0BC00060ADF6 /* main.m in Sources */ = {isa = PBXBuildFile; fileRef = 01C36975198C0BC00060ADF6 /* main.m */; };
		01C3697D198C0BC00060ADF6 /* AppDelegate.m in Sources */ = {isa = PBXBuildFile; fileRef = 01C3697C198C0BC00060ADF6 /* AppDelegate.m */; };
		01C36980198C0BC00060ADF6 /* MainMenu.xib in Resources */ = {isa = PBXBuildFile; fileRef = 01C3697E198C0BC00060ADF6 /* MainMenu.xib */; };
/* End PBXBuildFile section */

/* Begin PBXFileReference section */
		01C36966198C0BC00060ADF6 /* MessageMaker2.app */ = {isa = PBXFileReference; explicitFileType = wrapper.application; includeInIndex = 0; path = MessageMaker2.app; sourceTree = BUILT_PRODUCTS_DIR; };
		01C36969198C0BC00060ADF6 /* Cocoa.framework */ = {isa = PBXFileReference; lastKnownFileType = wrapper.framework; name = Cocoa.framework; path = System/Library/Frameworks/Cocoa.framework; sourceTree = SDKROOT; };
		01C3696C198C0BC00060ADF6 /* AppKit.framework */ = {isa = PBXFileReference; lastKnownFileType = wrapper.framework; name = AppKit.framework; path = System/Library/Frameworks/AppKit.framework; sourceTree = SDKROOT; };
		01C3696D198C0BC00060ADF6 /* CoreData.framework */ = {isa = PBXFileReference; lastKnownFileType = wrapper.framework; name = CoreData.framework; path = System/Library/Frameworks/CoreData.framework; sourceTree = SDKROOT; };
		01C3696E198C0BC00060ADF6 /* Foundation.framework */ = {isa = PBXFileReference; lastKnownFileType = wrapper.framework; name = Foundation.framework; path = System/Library/Frameworks/Foundation.framework; sourceTree = SDKROOT; };
		01C36971198C0BC00060ADF6 /* MessageMaker2-Info.plist */ = {isa = PBXFileReference; lastKnownFileType = text.plist.xml; path = "MessageMaker2-Info.plist"; sourceTree = "<group>"; };
		01C36975198C0BC00060ADF6 /* main.m */ = {isa = PBXFileReference; lastKnownFileType = sourcecode.c.objc; path = main.m; sourceTree = "<group>"; };
		01C36977198C0BC00060ADF6 /* MessageMaker2-Prefix.pch */ = {isa = PBXFileReference; lastKnownFileType = sourcecode.c.h; path = "MessageMaker2-Prefix.pch"; sourceTree = "<group>"; };
		01C3697B198C0BC00060ADF6 /* AppDelegate.h */ = {isa = PBXFileReference; lastKnownFileType = sourcecode.c.h; path = AppDelegate.h; sourceTree = "<group>"; };
		01C3697C198C0BC00060ADF6 /* AppDelegate.m */ = {isa = PBXFileReference; lastKnownFileType = sourcecode.c.objc; path = AppDelegate.m; sourceTree = "<group>"; };
		01C3697F198C0BC00060ADF6 /* Base */ = {isa = PBXFileReference; lastKnownFileType = file.xib; name = Base; path = Base.lproj/MainMenu.xib; sourceTree = "<group>"; };
		01C36988198C0BC00060ADF6 /* XCTest.framework */ = {isa = PBXFileReference; lastKnownFileType = wrapper.framework; name = XCTest.framework; path = Library/Frameworks/XCTest.framework; sourceTree = DEVELOPER_DIR; };
		01C3699D198C0BDC0060ADF6 /* MessageMaker2.entitlements */ = {isa = PBXFileReference; lastKnownFileType = text.xml; path = MessageMaker2.entitlements; sourceTree = "<group>"; };
/* End PBXFileReference section */

/* Begin PBXFrameworksBuildPhase section */
		01C36963198C0BC00060ADF6 /* Frameworks */ = {
			isa = PBXFrameworksBuildPhase;
			buildActionMask = 2147483647;
			files = (
				01C3696A198C0BC00060ADF6 /* Cocoa.framework in Frameworks */,
			);
			runOnlyForDeploymentPostprocessing = 0;
		};
/* End PBXFrameworksBuildPhase section */

/* Begin PBXGroup section */
		01C3695D198C0BC00060ADF6 = {
			isa = PBXGroup;
			children = (
				01C3696F198C0BC00060ADF6 /* MessageMaker2 */,
				01C36968198C0BC00060ADF6 /* Frameworks */,
				01C36967198C0BC00060ADF6 /* Products */,
			);
			sourceTree = "<group>";
		};
		01C36967198C0BC00060ADF6 /* Products */ = {
			isa = PBXGroup;
			children = (
				01C36966198C0BC00060ADF6 /* MessageMaker2.app */,
			);
			name = Products;
			sourceTree = "<group>";
		};
		01C36968198C0BC00060ADF6 /* Frameworks */ = {
			isa = PBXGroup;
			children = (
				01C36969198C0BC00060ADF6 /* Cocoa.framework */,
				01C36988198C0BC00060ADF6 /* XCTest.framework */,
				01C3696B198C0BC00060ADF6 /* Other Frameworks */,
			);
			name = Frameworks;
			sourceTree = "<group>";
		};
		01C3696B198C0BC00060ADF6 /* Other Frameworks */ = {
			isa = PBXGroup;
			children = (
				01C3696C198C0BC00060ADF6 /* AppKit.framework */,
				01C3696D198C0BC00060ADF6 /* CoreData.framework */,
				01C3696E198C0BC00060ADF6 /* Foundation.framework */,
			);
			name = "Other Frameworks";
			sourceTree = "<group>";
		};
		01C3696F198C0BC00060ADF6 /* MessageMaker2 */ = {
			isa = PBXGroup;
			children = (
				01C3699D198C0BDC0060ADF6 /* MessageMaker2.entitlements */,
				01C3697B198C0BC00060ADF6 /* AppDelegate.h */,
				01C3697C198C0BC00060ADF6 /* AppDelegate.m */,
				01C3697E198C0BC00060ADF6 /* MainMenu.xib */,
				01C36970198C0BC00060ADF6 /* Supporting Files */,
			);
			path = MessageMaker2;
			sourceTree = "<group>";
		};
		01C36970198C0BC00060ADF6 /* Supporting Files */ = {
			isa = PBXGroup;
			children = (
				01C36971198C0BC00060ADF6 /* MessageMaker2-Info.plist */,
				01C36975198C0BC00060ADF6 /* main.m */,
				01C36977198C0BC00060ADF6 /* MessageMaker2-Prefix.pch */,
			);
			name = "Supporting Files";
			sourceTree = "<group>";
		};
/* End PBXGroup section */

/* Begin PBXNativeTarget section */
		01C36965198C0BC00060ADF6 /* MessageMaker2 */ = {
			isa = PBXNativeTarget;
			buildConfigurationList = 01C36997198C0BC00060ADF6 /* Build configuration list for PBXNativeTarget "MessageMaker2" */;
			buildPhases = (
				01C36962198C0BC00060ADF6 /* Sources */,
				01C36963198C0BC00060ADF6 /* Frameworks */,
				01C36964198C0BC00060ADF6 /* Resources */,
			);
			buildRules = (
			);
			dependencies = (
			);
			name = MessageMaker2;
			productName = MessageMaker2;
			productReference = 01C36966198C0BC00060ADF6 /* MessageMaker2.app */;
			productType = "com.apple.product-type.application";
		};
/* End PBXNativeTarget section */

/* Begin PBXProject section */
		01C3695E198C0BC00060ADF6 /* Project object */ = {
			isa = PBXProject;
			attributes = {
				LastUpgradeCheck = 0700;
				ORGANIZATIONNAME = "Pilotmoon Software";
				TargetAttributes = {
					01C36965198C0BC00060ADF6 = {
						DevelopmentTeam = 6W6K75YWQ9;
						SystemCapabilities = {
							com.apple.Sandbox = {
								enabled = 1;
							};
						};
					};
				};
			};
			buildConfigurationList = 01C36961198C0BC00060ADF6 /* Build configuration list for PBXProject "MessageMaker2" */;
			compatibilityVersion = "Xcode 3.2";
			developmentRegion = English;
			hasScannedForEncodings = 0;
			knownRegions = (
				en,
				Base,
			);
			mainGroup = 01C3695D198C0BC00060ADF6;
			productRefGroup = 01C36967198C0BC00060ADF6 /* Products */;
			projectDirPath = "";
			projectRoot = "";
			targets = (
				01C36965198C0BC00060ADF6 /* MessageMaker2 */,
			);
		};
/* End PBXProject section */

/* Begin PBXResourcesBuildPhase section */
		01C36964198C0BC00060ADF6 /* Resources */ = {
			isa = PBXResourcesBuildPhase;
			buildActionMask = 2147483647;
			files = (
				01C36980198C0BC00060ADF6 /* MainMenu.xib in Resources */,
			);
			runOnlyForDeploymentPostprocessing = 0;
		};
/* End PBXResourcesBuildPhase section */

/* Begin PBXSourcesBuildPhase section */
		01C36962198C0BC00060ADF6 /* Sources */ = {
			isa = PBXSourcesBuildPhase;
			buildActionMask = 2147483647;
			files = (
				01C3697D198C0BC00060ADF6 /* AppDelegate.m in Sources */,
				01C36976198C0BC00060ADF6 /* main.m in Sources */,
			);
			runOnlyForDeploymentPostprocessing = 0;
		};
/* End PBXSourcesBuildPhase section */

/* Begin PBXVariantGroup section */
		01C3697E198C0BC00060ADF6 /* MainMenu.xib */ = {
			isa = PBXVariantGroup;
			children = (
				01C3697F198C0BC00060ADF6 /* Base */,
			);
			name = MainMenu.xib;
			sourceTree = "<group>";
		};
/* End PBXVariantGroup section */

/* Begin XCBuildConfiguration section */
		01C36995198C0BC00060ADF6 /* Debug */ = {
			isa = XCBuildConfiguration;
			buildSettings = {
				ALWAYS_SEARCH_USER_PATHS = NO;
				CLANG_CXX_LANGUAGE_STANDARD = "gnu++0x";
				CLANG_CXX_LIBRARY = "libc++";
				CLANG_ENABLE_MODULES = YES;
				CLANG_ENABLE_OBJC_ARC = YES;
				CLANG_WARN_BOOL_CONVERSION = YES;
				CLANG_WARN_CONSTANT_CONVERSION = YES;
				CLANG_WARN_DIRECT_OBJC_ISA_USAGE = YES_ERROR;
				CLANG_WARN_EMPTY_BODY = YES;
				CLANG_WARN_ENUM_CONVERSION = YES;
				CLANG_WARN_INT_CONVERSION = YES;
				CLANG_WARN_OBJC_ROOT_CLASS = YES_ERROR;
				CLANG_WARN__DUPLICATE_METHOD_MATCH = YES;
				COPY_PHASE_STRIP = NO;
				ENABLE_TESTABILITY = YES;
				GCC_C_LANGUAGE_STANDARD = gnu99;
				GCC_DYNAMIC_NO_PIC = NO;
				GCC_ENABLE_OBJC_EXCEPTIONS = YES;
				GCC_OPTIMIZATION_LEVEL = 0;
				GCC_PREPROCESSOR_DEFINITIONS = (
					"DEBUG=1",
					"$(inherited)",
				);
				GCC_SYMBOLS_PRIVATE_EXTERN = NO;
				GCC_WARN_64_TO_32_BIT_CONVERSION = YES;
				GCC_WARN_ABOUT_RETURN_TYPE = YES_ERROR;
				GCC_WARN_UNDECLARED_SELECTOR = YES;
				GCC_WARN_UNINITIALIZED_AUTOS = YES_AGGRESSIVE;
				GCC_WARN_UNUSED_FUNCTION = YES;
				GCC_WARN_UNUSED_VARIABLE = YES;
				MACOSX_DEPLOYMENT_TARGET = 10.9;
				ONLY_ACTIVE_ARCH = YES;
				SDKROOT = macosx;
			};
			name = Debug;
		};
		01C36996198C0BC00060ADF6 /* Release */ = {
			isa = XCBuildConfiguration;
			buildSettings = {
				ALWAYS_SEARCH_USER_PATHS = NO;
				CLANG_CXX_LANGUAGE_STANDARD = "gnu++0x";
				CLANG_CXX_LIBRARY = "libc++";
				CLANG_ENABLE_MODULES = YES;
				CLANG_ENABLE_OBJC_ARC = YES;
				CLANG_WARN_BOOL_CONVERSION = YES;
				CLANG_WARN_CONSTANT_CONVERSION = YES;
				CLANG_WARN_DIRECT_OBJC_ISA_USAGE = YES_ERROR;
				CLANG_WARN_EMPTY_BODY = YES;
				CLANG_WARN_ENUM_CONVERSION = YES;
				CLANG_WARN_INT_CONVERSION = YES;
				CLANG_WARN_OBJC_ROOT_CLASS = YES_ERROR;
				CLANG_WARN__DUPLICATE_METHOD_MATCH = YES;
				COPY_PHASE_STRIP = YES;
				DEBUG_INFORMATION_FORMAT = "dwarf-with-dsym";
				ENABLE_NS_ASSERTIONS = NO;
				GCC_C_LANGUAGE_STANDARD = gnu99;
				GCC_ENABLE_OBJC_EXCEPTIONS = YES;
				GCC_WARN_64_TO_32_BIT_CONVERSION = YES;
				GCC_WARN_ABOUT_RETURN_TYPE = YES_ERROR;
				GCC_WARN_UNDECLARED_SELECTOR = YES;
				GCC_WARN_UNINITIALIZED_AUTOS = YES_AGGRESSIVE;
				GCC_WARN_UNUSED_FUNCTION = YES;
				GCC_WARN_UNUSED_VARIABLE = YES;
				MACOSX_DEPLOYMENT_TARGET = 10.9;
				SDKROOT = macosx;
			};
			name = Release;
		};
		01C36998198C0BC00060ADF6 /* Debug */ = {
			isa = XCBuildConfiguration;
			buildSettings = {
				ASSETCATALOG_COMPILER_APPICON_NAME = AppIcon;
				CODE_SIGN_ENTITLEMENTS = MessageMaker2/MessageMaker2.entitlements;
				CODE_SIGN_IDENTITY = "Developer ID Application";
				COMBINE_HIDPI_IMAGES = YES;
				GCC_PRECOMPILE_PREFIX_HEADER = YES;
				GCC_PREFIX_HEADER = "MessageMaker2/MessageMaker2-Prefix.pch";
				INFOPLIST_FILE = "MessageMaker2/MessageMaker2-Info.plist";
				PRODUCT_BUNDLE_IDENTIFIER = "com.pilotmoon.${PRODUCT_NAME:rfc1034identifier}";
				PRODUCT_NAME = "$(TARGET_NAME)";
				WRAPPER_EXTENSION = app;
			};
			name = Debug;
		};
		01C36999198C0BC00060ADF6 /* Release */ = {
			isa = XCBuildConfiguration;
			buildSettings = {
				ASSETCATALOG_COMPILER_APPICON_NAME = AppIcon;
				CODE_SIGN_ENTITLEMENTS = MessageMaker2/MessageMaker2.entitlements;
				CODE_SIGN_IDENTITY = "Developer ID Application";
				COMBINE_HIDPI_IMAGES = YES;
				GCC_PRECOMPILE_PREFIX_HEADER = YES;
				GCC_PREFIX_HEADER = "MessageMaker2/MessageMaker2-Prefix.pch";
				INFOPLIST_FILE = "MessageMaker2/MessageMaker2-Info.plist";
				PRODUCT_BUNDLE_IDENTIFIER = "com.pilotmoon.${PRODUCT_NAME:rfc1034identifier}";
				PRODUCT_NAME = "$(TARGET_NAME)";
				WRAPPER_EXTENSION = app;
			};
			name = Release;
		};
/* End XCBuildConfiguration section */

/* Begin XCConfigurationList section */
		01C36961198C0BC00060ADF6 /* Build configuration list for PBXProject "MessageMaker2" */ = {
			isa = XCConfigurationList;
			buildConfigurations = (
				01C36995198C0BC00060ADF6 /* Debug */,
				01C36996198C0BC00060ADF6 /* Release */,
			);
			defaultConfigurationIsVisible = 0;
			defaultConfigurationName = Release;
		};
		01C36997198C0BC00060ADF6 /* Build configuration list for PBXNativeTarget "MessageMaker2" */ = {
			isa = XCConfigurationList;
			buildConfigurations = (
				01C36998198C0BC00060ADF6 /* Debug */,
				01C36999198C0BC00060ADF6 /* Release */,
			);
			defaultConfigurationIsVisible = 0;
			defaultConfigurationName = Release;
		};
/* End XCConfigurationList section */
	};
	rootObject = 01C3695E198C0BC00060ADF6 /* Project object */;
}
